
Microsoft Visual Studio Solution File, Format Version 12.00
# Visual Studio Version 16
VisualStudioVersion = 16.0.31624.102
MinimumVisualStudioVersion = 10.0.40219.1
Project("{8BC9CEB8-8B4A-11D0-8D11-00A0C91BC942}") = "PR3.4", "PR3.4.vcxproj", "{4E117680-E37B-43BD-AE1B-AE6DA622F3C2}"
EndProject
Global
	GlobalSection(SolutionConfigurationPlatforms) = preSolution
		Debug|x64 = Debug|x64
		Debug|x86 = Debug|x86
		Release|x64 = Release|x64
		Release|x86 = Release|x86
	EndGlobalSection
	GlobalSection(ProjectConfigurationPlatforms) = postSolution
		{4E117680-E37B-43BD-AE1B-AE6DA622F3C2}.Debug|x64.ActiveCfg = Debug|x64
		{4E117680-E37B-43BD-AE1B-AE6DA622F3C2}.Debug|x64.Build.0 = Debug|x64
		{4E117680-E37B-43BD-AE1B-AE6DA622F3C2}.Debug|x86.ActiveCfg = Debug|Win32
		{4E117680-E37B-43BD-AE1B-AE6DA622F3C2}.Debug|x86.Build.0 = Debug|Win32
		{4E117680-E37B-43BD-AE1B-AE6DA622F3C2}.Release|x64.ActiveCfg = Release|x64
		{4E117680-E37B-43BD-AE1B-AE6DA622F3C2}.Release|x64.Build.0 = Release|x64
		{4E117680-E37B-43BD-AE1B-AE6DA622F3C2}.Release|x86.ActiveCfg = Release|Win32
		{4E117680-E37B-43BD-AE1B-AE6DA622F3C2}.Release|x86.Build.0 = Release|Win32
	EndGlobalSection
	GlobalSection(SolutionProperties) = preSolution
		HideSolutionNode = FALSE
	EndGlobalSection
	GlobalSection(ExtensibilityGlobals) = postSolution
		SolutionGuid = {40DC12DD-13A7-4BAA-B099-4645F36DD2CA}
	EndGlobalSection
EndGlobal
